
Microsoft Visual Studio Solution File, Format Version 12.00
# Visual Studio Version 16
VisualStudioVersion = 16.0.28803.352
MinimumVisualStudioVersion = 10.0.40219.1
Project("{FAE04EC0-301F-11D3-BF4B-00C04F79EFBC}") = "Leitner_Box_Flashcards", "Leitner_Box_Flashcards.csproj", "{E241A98C-49EC-4D35-A9F2-D45D178F87F5}"
EndProject
Global
	GlobalSection(SolutionConfigurationPlatforms) = preSolution
		Debug|Any CPU = Debug|Any CPU
		Release|Any CPU = Release|Any CPU
	EndGlobalSection
	GlobalSection(ProjectConfigurationPlatforms) = postSolution
		{E241A98C-49EC-4D35-A9F2-D45D178F87F5}.Debug|Any CPU.ActiveCfg = Debug|Any CPU
		{E241A98C-49EC-4D35-A9F2-D45D178F87F5}.Debug|Any CPU.Build.0 = Debug|Any CPU
		{E241A98C-49EC-4D35-A9F2-D45D178F87F5}.Release|Any CPU.ActiveCfg = Release|Any CPU
		{E241A98C-49EC-4D35-A9F2-D45D178F87F5}.Release|Any CPU.Build.0 = Release|Any CPU
	EndGlobalSection
	GlobalSection(SolutionProperties) = preSolution
		HideSolutionNode = FALSE
	EndGlobalSection
	GlobalSection(ExtensibilityGlobals) = postSolution
		SolutionGuid = {AB174DB3-20D9-48D0-817E-DF6467E02B82}
	EndGlobalSection
EndGlobal
